
Microsoft Visual Studio Solution File, Format Version 12.00
# Visual Studio 15
VisualStudioVersion = 15.0.26730.8
MinimumVisualStudioVersion = 10.0.40219.1
Project("{FAE04EC0-301F-11D3-BF4B-00C04F79EFBC}") = "InAppPurchasesApi", "InAppPurchasesApi.csproj", "{C2041BBE-4EE6-4BD5-8DDD-75EC1C902DD3}"
EndProject
Project("{FAE04EC0-301F-11D3-BF4B-00C04F79EFBC}") = "InAppPurchasesWindows", "..\InAppPurchasesWindows\InAppPurchasesWindows.csproj", "{2193CDFB-CABE-4CD6-96E1-A5181D23F604}"
EndProject
Global
	GlobalSection(SolutionConfigurationPlatforms) = preSolution
		Debug|Any CPU = Debug|Any CPU
		Release|Any CPU = Release|Any CPU
	EndGlobalSection
	GlobalSection(ProjectConfigurationPlatforms) = postSolution
		{C2041BBE-4EE6-4BD5-8DDD-75EC1C902DD3}.Debug|Any CPU.ActiveCfg = Debug|Any CPU
		{C2041BBE-4EE6-4BD5-8DDD-75EC1C902DD3}.Debug|Any CPU.Build.0 = Debug|Any CPU
		{C2041BBE-4EE6-4BD5-8DDD-75EC1C902DD3}.Release|Any CPU.ActiveCfg = Release|Any CPU
		{C2041BBE-4EE6-4BD5-8DDD-75EC1C902DD3}.Release|Any CPU.Build.0 = Release|Any CPU
		{2193CDFB-CABE-4CD6-96E1-A5181D23F604}.Debug|Any CPU.ActiveCfg = Debug|Any CPU
		{2193CDFB-CABE-4CD6-96E1-A5181D23F604}.Debug|Any CPU.Build.0 = Debug|Any CPU
		{2193CDFB-CABE-4CD6-96E1-A5181D23F604}.Release|Any CPU.ActiveCfg = Release|Any CPU
		{2193CDFB-CABE-4CD6-96E1-A5181D23F604}.Release|Any CPU.Build.0 = Release|Any CPU
	EndGlobalSection
	GlobalSection(SolutionProperties) = preSolution
		HideSolutionNode = FALSE
	EndGlobalSection
	GlobalSection(ExtensibilityGlobals) = postSolution
		SolutionGuid = {2B793E19-9B8C-49ED-A1D6-A0B21B68E4D9}
	EndGlobalSection
EndGlobal
